
Microsoft Visual Studio Solution File, Format Version 12.00
# Visual Studio Version 17
VisualStudioVersion = 17.7.34202.233
MinimumVisualStudioVersion = 10.0.40219.1
Project("{FAE04EC0-301F-11D3-BF4B-00C04F79EFBC}") = "Pinzar_Adriana_Lab7", "Pinzar_Adriana_Lab7.csproj", "{8016376E-6BE9-4B02-BC89-2A991FCEFCE6}"
EndProject
Global
	GlobalSection(SolutionConfigurationPlatforms) = preSolution
		Debug|Any CPU = Debug|Any CPU
		Release|Any CPU = Release|Any CPU
	EndGlobalSection
	GlobalSection(ProjectConfigurationPlatforms) = postSolution
		{8016376E-6BE9-4B02-BC89-2A991FCEFCE6}.Debug|Any CPU.ActiveCfg = Debug|Any CPU
		{8016376E-6BE9-4B02-BC89-2A991FCEFCE6}.Debug|Any CPU.Build.0 = Debug|Any CPU
		{8016376E-6BE9-4B02-BC89-2A991FCEFCE6}.Debug|Any CPU.Deploy.0 = Debug|Any CPU
		{8016376E-6BE9-4B02-BC89-2A991FCEFCE6}.Release|Any CPU.ActiveCfg = Release|Any CPU
		{8016376E-6BE9-4B02-BC89-2A991FCEFCE6}.Release|Any CPU.Build.0 = Release|Any CPU
		{8016376E-6BE9-4B02-BC89-2A991FCEFCE6}.Release|Any CPU.Deploy.0 = Release|Any CPU
	EndGlobalSection
	GlobalSection(SolutionProperties) = preSolution
		HideSolutionNode = FALSE
	EndGlobalSection
	GlobalSection(ExtensibilityGlobals) = postSolution
		SolutionGuid = {8A101365-65D3-46A2-932A-12899C1EE9F1}
	EndGlobalSection
EndGlobal
